
Microsoft Visual Studio Solution File, Format Version 12.00
# Visual Studio Version 17
VisualStudioVersion = 17.6.33723.286
MinimumVisualStudioVersion = 10.0.40219.1
Project("{FAE04EC0-301F-11D3-BF4B-00C04F79EFBC}") = "ProyectoCaiV01", "ProyectoCaiV01\ProyectoCaiV01.csproj", "{07E02E89-F849-43BF-9B64-B92E929F8349}"
EndProject
Global
	GlobalSection(SolutionConfigurationPlatforms) = preSolution
		Debug|Any CPU = Debug|Any CPU
		Release|Any CPU = Release|Any CPU
	EndGlobalSection
	GlobalSection(ProjectConfigurationPlatforms) = postSolution
		{07E02E89-F849-43BF-9B64-B92E929F8349}.Debug|Any CPU.ActiveCfg = Debug|Any CPU
		{07E02E89-F849-43BF-9B64-B92E929F8349}.Debug|Any CPU.Build.0 = Debug|Any CPU
		{07E02E89-F849-43BF-9B64-B92E929F8349}.Release|Any CPU.ActiveCfg = Release|Any CPU
		{07E02E89-F849-43BF-9B64-B92E929F8349}.Release|Any CPU.Build.0 = Release|Any CPU
	EndGlobalSection
	GlobalSection(SolutionProperties) = preSolution
		HideSolutionNode = FALSE
	EndGlobalSection
	GlobalSection(ExtensibilityGlobals) = postSolution
		SolutionGuid = {F05B9A3E-9467-4A66-BABB-EAD403D17807}
	EndGlobalSection
EndGlobal
